{
  "pins" : [
    {
      "identity" : "espeak-ng-spm",
      "kind" : "remoteSourceControl",
      "location" : "https://github.com/IhorShevchuk/espeak-ng-spm.git",
      "state" : {
        "revision" : "8ffabfe9998f6d7f5fb768f5489ea4b7873e2829",
        "version" : "2026.4.7"
      }
    },
    {
      "identity" : "piper-objc",
      "kind" : "remoteSourceControl",
      "location" : "https://github.com/IhorShevchuk/piper-objc",
      "state" : {
        "revision" : "7110f11028bfc327db67cfa8b14b644c42f8057c",
        "version" : "0.2.31"
      }
    },
    {
      "identity" : "piper1-gpl-spm",
      "kind" : "remoteSourceControl",
      "location" : "https://github.com/IhorShevchuk/piper1-gpl-spm.git",
      "state" : {
        "revision" : "042036eb0a1059f4d5daeb39036719f28cf6a578",
        "version" : "0.1.12"
      }
    }
  ],
  "version" : 2
}
